# This file is automatically @generated by Poetry 1.8.3 and should not be changed by hand.

[[package]]
name = "chess"
version = "1.10.0"
description = "A chess library with move generation and validation, Polyglot opening book probing, PGN reading and writing, Gaviota tablebase probing, Syzygy tablebase probing, and XBoard/UCI engine communication."
optional = false
python-versions = ">=3.7"
files = [
    {file = "chess-1.10.0-py3-none-any.whl", hash = "sha256:48ff7c084a370811819cfc753c2ee159942356ada70824666bd01ee3fca170d0"},
    {file = "chess-1.10.0.tar.gz", hash = "sha256:bccde105f54aa436e899f92b4ba953731c65012a863fd9235683d0e2863ccd54"},
]

[metadata]
lock-version = "2.0"
python-versions = "^3.9"
content-hash = "21eb9d6e88b37bd06de02b21b13ffb02a158eb297df75a0a9c8f56e63883943d"
